
Microsoft Visual Studio Solution File, Format Version 12.00
# Visual Studio Version 16
VisualStudioVersion = 16.0.30225.117
MinimumVisualStudioVersion = 10.0.40219.1
Project("{FAE04EC0-301F-11D3-BF4B-00C04F79EFBC}") = "DUBuddy", "DUBuddy\DUBuddy.csproj", "{B4420FFD-3C34-4E2C-8FC5-984F20839E0B}"
EndProject
Global
	GlobalSection(SolutionConfigurationPlatforms) = preSolution
		Debug|Any CPU = Debug|Any CPU
		Release|Any CPU = Release|Any CPU
	EndGlobalSection
	GlobalSection(ProjectConfigurationPlatforms) = postSolution
		{B4420FFD-3C34-4E2C-8FC5-984F20839E0B}.Debug|Any CPU.ActiveCfg = Debug|Any CPU
		{B4420FFD-3C34-4E2C-8FC5-984F20839E0B}.Debug|Any CPU.Build.0 = Debug|Any CPU
		{B4420FFD-3C34-4E2C-8FC5-984F20839E0B}.Release|Any CPU.ActiveCfg = Release|Any CPU
		{B4420FFD-3C34-4E2C-8FC5-984F20839E0B}.Release|Any CPU.Build.0 = Release|Any CPU
	EndGlobalSection
	GlobalSection(SolutionProperties) = preSolution
		HideSolutionNode = FALSE
	EndGlobalSection
	GlobalSection(ExtensibilityGlobals) = postSolution
		SolutionGuid = {599FC2EE-422C-435B-A3FC-26386B8E99FA}
	EndGlobalSection
EndGlobal
